{
  "version": 1,
  "dependencies": {
    ".NETFramework,Version=v4.7.2": {
      "Lib.Harmony": {
        "type": "Direct",
        "requested": "[2.3.3, )",
        "resolved": "2.3.3",
        "contentHash": "qxO8d2q7luoY8mTfCStQFOgRSd3dWZSS0Ffi5nrjX4qFkZxEBAEvNh5b/ZejTl2kY0fJs62LmfRJkBBTeiuuyQ=="
      }
    }
  }
}